
Microsoft Visual Studio Solution File, Format Version 12.00
# Visual Studio Version 17
VisualStudioVersion = 17.13.35806.99
MinimumVisualStudioVersion = 10.0.40219.1
Project("{FAE04EC0-301F-11D3-BF4B-00C04F79EFBC}") = "Diplom_project", "Diplom_project.csproj", "{13A4AB34-E391-40CF-9DF4-DC7C3604C14F}"
EndProject
Global
	GlobalSection(SolutionConfigurationPlatforms) = preSolution
		Debug|Any CPU = Debug|Any CPU
		Debug|x64 = Debug|x64
		Release|Any CPU = Release|Any CPU
		Release|x64 = Release|x64
	EndGlobalSection
	GlobalSection(ProjectConfigurationPlatforms) = postSolution
		{13A4AB34-E391-40CF-9DF4-DC7C3604C14F}.Debug|Any CPU.ActiveCfg = Debug|Any CPU
		{13A4AB34-E391-40CF-9DF4-DC7C3604C14F}.Debug|Any CPU.Build.0 = Debug|Any CPU
		{13A4AB34-E391-40CF-9DF4-DC7C3604C14F}.Debug|x64.ActiveCfg = Debug|x64
		{13A4AB34-E391-40CF-9DF4-DC7C3604C14F}.Debug|x64.Build.0 = Debug|x64
		{13A4AB34-E391-40CF-9DF4-DC7C3604C14F}.Release|Any CPU.ActiveCfg = Release|Any CPU
		{13A4AB34-E391-40CF-9DF4-DC7C3604C14F}.Release|Any CPU.Build.0 = Release|Any CPU
		{13A4AB34-E391-40CF-9DF4-DC7C3604C14F}.Release|x64.ActiveCfg = Release|x64
		{13A4AB34-E391-40CF-9DF4-DC7C3604C14F}.Release|x64.Build.0 = Release|x64
	EndGlobalSection
	GlobalSection(SolutionProperties) = preSolution
		HideSolutionNode = FALSE
	EndGlobalSection
	GlobalSection(ExtensibilityGlobals) = postSolution
		SolutionGuid = {550089D0-FDA7-47E4-90A6-8068B01E8D8A}
	EndGlobalSection
EndGlobal
